{
  "name": "pulse-theme-token-codegen",
  "version": "0.0.0",
  "lockfileVersion": 3,
  "requires": true,
  "packages": {
    "": {
      "name": "pulse-theme-token-codegen",
      "version": "0.0.0",
      "devDependencies": {
        "@willink-labs/tokens": "^1.9.0"
      }
    },
    "node_modules/@willink-labs/tokens": {
      "version": "1.9.0",
      "resolved": "https://registry.npmjs.org/@willink-labs/tokens/-/tokens-1.9.0.tgz",
      "integrity": "sha512-T0JpyqOTLlkn9R1lKaXg9uVk6oukHpT2sEuQHyg8XQArnt/lDH4MVV4yfBNCX+SVeom9T398sUeG7qWBKu01Gw==",
      "dev": true,
      "license": "MIT"
    }
  }
}
