{
  "name": "pulse-theme-token-codegen",
  "version": "0.0.0",
  "lockfileVersion": 3,
  "requires": true,
  "packages": {
    "": {
      "name": "pulse-theme-token-codegen",
      "version": "0.0.0",
      "devDependencies": {
        "@willink-labs/tokens": "^2.0.0"
      }
    },
    "node_modules/@willink-labs/tokens": {
      "version": "2.0.0",
      "resolved": "https://registry.npmjs.org/@willink-labs/tokens/-/tokens-2.0.0.tgz",
      "integrity": "sha512-Iuc+SQG8QSetirepnfbMh6sQxLVgnZ/klETV0kBHTLlvPl9DcMVx5TfMcRvpIeM2k5J9IQjecLeqq+BrawDrlA==",
      "dev": true,
      "license": "MIT"
    }
  }
}
